// !$*UTF8*$!
{
	archiveVersion = 1;
	classes = {
	};
	objectVersion = 50;
	objects = {

/* Begin PBXBuildFile section */
		223E34EE2368F82B000B1845 /* AppDelegate.swift in Sources */ = {isa = PBXBuildFile; fileRef = 223E34ED2368F82B000B1845 /* AppDelegate.swift */; };
		223E34F02368F82B000B1845 /* SceneDelegate.swift in Sources */ = {isa = PBXBuildFile; fileRef = 223E34EF2368F82B000B1845 /* SceneDelegate.swift */; };
		223E34F52368F82B000B1845 /* Main.storyboard in Resources */ = {isa = PBXBuildFile; fileRef = 223E34F32368F82B000B1845 /* Main.storyboard */; };
		223E34F82368F82B000B1845 /* GoodList.xcdatamodeld in Sources */ = {isa = PBXBuildFile; fileRef = 223E34F62368F82B000B1845 /* GoodList.xcdatamodeld */; };
		223E34FA2368F830000B1845 /* Assets.xcassets in Resources */ = {isa = PBXBuildFile; fileRef = 223E34F92368F830000B1845 /* Assets.xcassets */; };
		223E34FD2368F830000B1845 /* LaunchScreen.storyboard in Resources */ = {isa = PBXBuildFile; fileRef = 223E34FB2368F830000B1845 /* LaunchScreen.storyboard */; };
		223E35062368F9D3000B1845 /* TaskViewController.swift in Sources */ = {isa = PBXBuildFile; fileRef = 223E35052368F9D3000B1845 /* TaskViewController.swift */; };
		223E35082368FF51000B1845 /* AddTaskViewController.swift in Sources */ = {isa = PBXBuildFile; fileRef = 223E35072368FF51000B1845 /* AddTaskViewController.swift */; };
		223E350B23690186000B1845 /* Task.swift in Sources */ = {isa = PBXBuildFile; fileRef = 223E350A23690186000B1845 /* Task.swift */; };
/* End PBXBuildFile section */

/* Begin PBXFileReference section */
		223E34EA2368F82B000B1845 /* GoodList.app */ = {isa = PBXFileReference; explicitFileType = wrapper.application; includeInIndex = 0; path = GoodList.app; sourceTree = BUILT_PRODUCTS_DIR; };
		223E34ED2368F82B000B1845 /* AppDelegate.swift */ = {isa = PBXFileReference; lastKnownFileType = sourcecode.swift; path = AppDelegate.swift; sourceTree = "<group>"; };
		223E34EF2368F82B000B1845 /* SceneDelegate.swift */ = {isa = PBXFileReference; lastKnownFileType = sourcecode.swift; path = SceneDelegate.swift; sourceTree = "<group>"; };
		223E34F42368F82B000B1845 /* Base */ = {isa = PBXFileReference; lastKnownFileType = file.storyboard; name = Base; path = Base.lproj/Main.storyboard; sourceTree = "<group>"; };
		223E34F72368F82B000B1845 /* GoodList.xcdatamodel */ = {isa = PBXFileReference; lastKnownFileType = wrapper.xcdatamodel; path = GoodList.xcdatamodel; sourceTree = "<group>"; };
		223E34F92368F830000B1845 /* Assets.xcassets */ = {isa = PBXFileReference; lastKnownFileType = folder.assetcatalog; path = Assets.xcassets; sourceTree = "<group>"; };
		223E34FC2368F830000B1845 /* Base */ = {isa = PBXFileReference; lastKnownFileType = file.storyboard; name = Base; path = Base.lproj/LaunchScreen.storyboard; sourceTree = "<group>"; };
		223E34FE2368F830000B1845 /* Info.plist */ = {isa = PBXFileReference; lastKnownFileType = text.plist.xml; path = Info.plist; sourceTree = "<group>"; };
		223E35052368F9D3000B1845 /* TaskViewController.swift */ = {isa = PBXFileReference; lastKnownFileType = sourcecode.swift; path = TaskViewController.swift; sourceTree = "<group>"; };
		223E35072368FF51000B1845 /* AddTaskViewController.swift */ = {isa = PBXFileReference; lastKnownFileType = sourcecode.swift; path = AddTaskViewController.swift; sourceTree = "<group>"; };
		223E350A23690186000B1845 /* Task.swift */ = {isa = PBXFileReference; lastKnownFileType = sourcecode.swift; path = Task.swift; sourceTree = "<group>"; };
/* End PBXFileReference section */

/* Begin PBXFrameworksBuildPhase section */
		223E34E72368F82B000B1845 /* Frameworks */ = {
			isa = PBXFrameworksBuildPhase;
			buildActionMask = 2147483647;
			files = (
			);
			runOnlyForDeploymentPostprocessing = 0;
		};
/* End PBXFrameworksBuildPhase section */

/* Begin PBXGroup section */
		223E34E12368F82B000B1845 = {
			isa = PBXGroup;
			children = (
				223E34EC2368F82B000B1845 /* GoodList */,
				223E34EB2368F82B000B1845 /* Products */,
			);
			sourceTree = "<group>";
		};
		223E34EB2368F82B000B1845 /* Products */ = {
			isa = PBXGroup;
			children = (
				223E34EA2368F82B000B1845 /* GoodList.app */,
			);
			name = Products;
			sourceTree = "<group>";
		};
		223E34EC2368F82B000B1845 /* GoodList */ = {
			isa = PBXGroup;
			children = (
				223E35092369016B000B1845 /* Models */,
				223E35042368F9B7000B1845 /* Controllers */,
				223E34ED2368F82B000B1845 /* AppDelegate.swift */,
				223E34EF2368F82B000B1845 /* SceneDelegate.swift */,
				223E34F32368F82B000B1845 /* Main.storyboard */,
				223E34F92368F830000B1845 /* Assets.xcassets */,
				223E34FB2368F830000B1845 /* LaunchScreen.storyboard */,
				223E34FE2368F830000B1845 /* Info.plist */,
				223E34F62368F82B000B1845 /* GoodList.xcdatamodeld */,
			);
			path = GoodList;
			sourceTree = "<group>";
		};
		223E35042368F9B7000B1845 /* Controllers */ = {
			isa = PBXGroup;
			children = (
				223E35052368F9D3000B1845 /* TaskViewController.swift */,
				223E35072368FF51000B1845 /* AddTaskViewController.swift */,
			);
			path = Controllers;
			sourceTree = "<group>";
		};
		223E35092369016B000B1845 /* Models */ = {
			isa = PBXGroup;
			children = (
				223E350A23690186000B1845 /* Task.swift */,
			);
			path = Models;
			sourceTree = "<group>";
		};
/* End PBXGroup section */

/* Begin PBXNativeTarget section */
		223E34E92368F82B000B1845 /* GoodList */ = {
			isa = PBXNativeTarget;
			buildConfigurationList = 223E35012368F830000B1845 /* Build configuration list for PBXNativeTarget "GoodList" */;
			buildPhases = (
				223E34E62368F82B000B1845 /* Sources */,
				223E34E72368F82B000B1845 /* Frameworks */,
				223E34E82368F82B000B1845 /* Resources */,
			);
			buildRules = (
			);
			dependencies = (
			);
			name = GoodList;
			productName = GoodList;
			productReference = 223E34EA2368F82B000B1845 /* GoodList.app */;
			productType = "com.apple.product-type.application";
		};
/* End PBXNativeTarget section */

/* Begin PBXProject section */
		223E34E22368F82B000B1845 /* Project object */ = {
			isa = PBXProject;
			attributes = {
				LastSwiftUpdateCheck = 1100;
				LastUpgradeCheck = 1100;
				ORGANIZATIONNAME = "DONGGUN LEE";
				TargetAttributes = {
					223E34E92368F82B000B1845 = {
						CreatedOnToolsVersion = 11.0;
					};
				};
			};
			buildConfigurationList = 223E34E52368F82B000B1845 /* Build configuration list for PBXProject "GoodList" */;
			compatibilityVersion = "Xcode 9.3";
			developmentRegion = en;
			hasScannedForEncodings = 0;
			knownRegions = (
				en,
				Base,
			);
			mainGroup = 223E34E12368F82B000B1845;
			productRefGroup = 223E34EB2368F82B000B1845 /* Products */;
			projectDirPath = "";
			projectRoot = "";
			targets = (
				223E34E92368F82B000B1845 /* GoodList */,
			);
		};
/* End PBXProject section */

/* Begin PBXResourcesBuildPhase section */
		223E34E82368F82B000B1845 /* Resources */ = {
			isa = PBXResourcesBuildPhase;
			buildActionMask = 2147483647;
			files = (
				223E34FD2368F830000B1845 /* LaunchScreen.storyboard in Resources */,
				223E34FA2368F830000B1845 /* Assets.xcassets in Resources */,
				223E34F52368F82B000B1845 /* Main.storyboard in Resources */,
			);
			runOnlyForDeploymentPostprocessing = 0;
		};
/* End PBXResourcesBuildPhase section */

/* Begin PBXSourcesBuildPhase section */
		223E34E62368F82B000B1845 /* Sources */ = {
			isa = PBXSourcesBuildPhase;
			buildActionMask = 2147483647;
			files = (
				223E34EE2368F82B000B1845 /* AppDelegate.swift in Sources */,
				223E35062368F9D3000B1845 /* TaskViewController.swift in Sources */,
				223E34F82368F82B000B1845 /* GoodList.xcdatamodeld in Sources */,
				223E34F02368F82B000B1845 /* SceneDelegate.swift in Sources */,
				223E350B23690186000B1845 /* Task.swift in Sources */,
				223E35082368FF51000B1845 /* AddTaskViewController.swift in Sources */,
			);
			runOnlyForDeploymentPostprocessing = 0;
		};
/* End PBXSourcesBuildPhase section */

/* Begin PBXVariantGroup section */
		223E34F32368F82B000B1845 /* Main.storyboard */ = {
			isa = PBXVariantGroup;
			children = (
				223E34F42368F82B000B1845 /* Base */,
			);
			name = Main.storyboard;
			sourceTree = "<group>";
		};
		223E34FB2368F830000B1845 /* LaunchScreen.storyboard */ = {
			isa = PBXVariantGroup;
			children = (
				223E34FC2368F830000B1845 /* Base */,
			);
			name = LaunchScreen.storyboard;
			sourceTree = "<group>";
		};
/* End PBXVariantGroup section */

/* Begin XCBuildConfiguration section */
		223E34FF2368F830000B1845 /* Debug */ = {
			isa = XCBuildConfiguration;
			buildSettings = {
				ALWAYS_SEARCH_USER_PATHS = NO;
				CLANG_ANALYZER_NONNULL = YES;
				CLANG_ANALYZER_NUMBER_OBJECT_CONVERSION = YES_AGGRESSIVE;
				CLANG_CXX_LANGUAGE_STANDARD = "gnu++14";
				CLANG_CXX_LIBRARY = "libc++";
				CLANG_ENABLE_MODULES = YES;
				CLANG_ENABLE_OBJC_ARC = YES;
				CLANG_ENABLE_OBJC_WEAK = YES;
				CLANG_WARN_BLOCK_CAPTURE_AUTORELEASING = YES;
				CLANG_WARN_BOOL_CONVERSION = YES;
				CLANG_WARN_COMMA = YES;
				CLANG_WARN_CONSTANT_CONVERSION = YES;
				CLANG_WARN_DEPRECATED_OBJC_IMPLEMENTATIONS = YES;
				CLANG_WARN_DIRECT_OBJC_ISA_USAGE = YES_ERROR;
				CLANG_WARN_DOCUMENTATION_COMMENTS = YES;
				CLANG_WARN_EMPTY_BODY = YES;
				CLANG_WARN_ENUM_CONVERSION = YES;
				CLANG_WARN_INFINITE_RECURSION = YES;
				CLANG_WARN_INT_CONVERSION = YES;
				CLANG_WARN_NON_LITERAL_NULL_CONVERSION = YES;
				CLANG_WARN_OBJC_IMPLICIT_RETAIN_SELF = YES;
				CLANG_WARN_OBJC_LITERAL_CONVERSION = YES;
				CLANG_WARN_OBJC_ROOT_CLASS = YES_ERROR;
				CLANG_WARN_RANGE_LOOP_ANALYSIS = YES;
				CLANG_WARN_STRICT_PROTOTYPES = YES;
				CLANG_WARN_SUSPICIOUS_MOVE = YES;
				CLANG_WARN_UNGUARDED_AVAILABILITY = YES_AGGRESSIVE;
				CLANG_WARN_UNREACHABLE_CODE = YES;
				CLANG_WARN__DUPLICATE_METHOD_MATCH = YES;
				COPY_PHASE_STRIP = NO;
				DEBUG_INFORMATION_FORMAT = dwarf;
				ENABLE_STRICT_OBJC_MSGSEND = YES;
				ENABLE_TESTABILITY = YES;
				GCC_C_LANGUAGE_STANDARD = gnu11;
				GCC_DYNAMIC_NO_PIC = NO;
				GCC_NO_COMMON_BLOCKS = YES;
				GCC_OPTIMIZATION_LEVEL = 0;
				GCC_PREPROCESSOR_DEFINITIONS = (
					"DEBUG=1",
					"$(inherited)",
				);
				GCC_WARN_64_TO_32_BIT_CONVERSION = YES;
				GCC_WARN_ABOUT_RETURN_TYPE = YES_ERROR;
				GCC_WARN_UNDECLARED_SELECTOR = YES;
				GCC_WARN_UNINITIALIZED_AUTOS = YES_AGGRESSIVE;
				GCC_WARN_UNUSED_FUNCTION = YES;
				GCC_WARN_UNUSED_VARIABLE = YES;
				IPHONEOS_DEPLOYMENT_TARGET = 13.0;
				MTL_ENABLE_DEBUG_INFO = INCLUDE_SOURCE;
				MTL_FAST_MATH = YES;
				ONLY_ACTIVE_ARCH = YES;
				SDKROOT = iphoneos;
				SWIFT_ACTIVE_COMPILATION_CONDITIONS = DEBUG;
				SWIFT_OPTIMIZATION_LEVEL = "-Onone";
			};
			name = Debug;
		};
		223E35002368F830000B1845 /* Release */ = {
			isa = XCBuildConfiguration;
			buildSettings = {
				ALWAYS_SEARCH_USER_PATHS = NO;
				CLANG_ANALYZER_NONNULL = YES;
				CLANG_ANALYZER_NUMBER_OBJECT_CONVERSION = YES_AGGRESSIVE;
				CLANG_CXX_LANGUAGE_STANDARD = "gnu++14";
				CLANG_CXX_LIBRARY = "libc++";
				CLANG_ENABLE_MODULES = YES;
				CLANG_ENABLE_OBJC_ARC = YES;
				CLANG_ENABLE_OBJC_WEAK = YES;
				CLANG_WARN_BLOCK_CAPTURE_AUTORELEASING = YES;
				CLANG_WARN_BOOL_CONVERSION = YES;
				CLANG_WARN_COMMA = YES;
				CLANG_WARN_CONSTANT_CONVERSION = YES;
				CLANG_WARN_DEPRECATED_OBJC_IMPLEMENTATIONS = YES;
				CLANG_WARN_DIRECT_OBJC_ISA_USAGE = YES_ERROR;
				CLANG_WARN_DOCUMENTATION_COMMENTS = YES;
				CLANG_WARN_EMPTY_BODY = YES;
				CLANG_WARN_ENUM_CONVERSION = YES;
				CLANG_WARN_INFINITE_RECURSION = YES;
				CLANG_WARN_INT_CONVERSION = YES;
				CLANG_WARN_NON_LITERAL_NULL_CONVERSION = YES;
				CLANG_WARN_OBJC_IMPLICIT_RETAIN_SELF = YES;
				CLANG_WARN_OBJC_LITERAL_CONVERSION = YES;
				CLANG_WARN_OBJC_ROOT_CLASS = YES_ERROR;
				CLANG_WARN_RANGE_LOOP_ANALYSIS = YES;
				CLANG_WARN_STRICT_PROTOTYPES = YES;
				CLANG_WARN_SUSPICIOUS_MOVE = YES;
				CLANG_WARN_UNGUARDED_AVAILABILITY = YES_AGGRESSIVE;
				CLANG_WARN_UNREACHABLE_CODE = YES;
				CLANG_WARN__DUPLICATE_METHOD_MATCH = YES;
				COPY_PHASE_STRIP = NO;
				DEBUG_INFORMATION_FORMAT = "dwarf-with-dsym";
				ENABLE_NS_ASSERTIONS = NO;
				ENABLE_STRICT_OBJC_MSGSEND = YES;
				GCC_C_LANGUAGE_STANDARD = gnu11;
				GCC_NO_COMMON_BLOCKS = YES;
				GCC_WARN_64_TO_32_BIT_CONVERSION = YES;
				GCC_WARN_ABOUT_RETURN_TYPE = YES_ERROR;
				GCC_WARN_UNDECLARED_SELECTOR = YES;
				GCC_WARN_UNINITIALIZED_AUTOS = YES_AGGRESSIVE;
				GCC_WARN_UNUSED_FUNCTION = YES;
				GCC_WARN_UNUSED_VARIABLE = YES;
				IPHONEOS_DEPLOYMENT_TARGET = 13.0;
				MTL_ENABLE_DEBUG_INFO = NO;
				MTL_FAST_MATH = YES;
				SDKROOT = iphoneos;
				SWIFT_COMPILATION_MODE = wholemodule;
				SWIFT_OPTIMIZATION_LEVEL = "-O";
				VALIDATE_PRODUCT = YES;
			};
			name = Release;
		};
		223E35022368F830000B1845 /* Debug */ = {
			isa = XCBuildConfiguration;
			buildSettings = {
				ASSETCATALOG_COMPILER_APPICON_NAME = AppIcon;
				CODE_SIGN_STYLE = Automatic;
				DEVELOPMENT_TEAM = DE97A6B9N7;
				INFOPLIST_FILE = GoodList/Info.plist;
				LD_RUNPATH_SEARCH_PATHS = (
					"$(inherited)",
					"@executable_path/Frameworks",
				);
				PRODUCT_BUNDLE_IDENTIFIER = LDG.GoodList;
				PRODUCT_NAME = "$(TARGET_NAME)";
				SWIFT_VERSION = 5.0;
				TARGETED_DEVICE_FAMILY = "1,2";
			};
			name = Debug;
		};
		223E35032368F830000B1845 /* Release */ = {
			isa = XCBuildConfiguration;
			buildSettings = {
				ASSETCATALOG_COMPILER_APPICON_NAME = AppIcon;
				CODE_SIGN_STYLE = Automatic;
				DEVELOPMENT_TEAM = DE97A6B9N7;
				INFOPLIST_FILE = GoodList/Info.plist;
				LD_RUNPATH_SEARCH_PATHS = (
					"$(inherited)",
					"@executable_path/Frameworks",
				);
				PRODUCT_BUNDLE_IDENTIFIER = LDG.GoodList;
				PRODUCT_NAME = "$(TARGET_NAME)";
				SWIFT_VERSION = 5.0;
				TARGETED_DEVICE_FAMILY = "1,2";
			};
			name = Release;
		};
/* End XCBuildConfiguration section */

/* Begin XCConfigurationList section */
		223E34E52368F82B000B1845 /* Build configuration list for PBXProject "GoodList" */ = {
			isa = XCConfigurationList;
			buildConfigurations = (
				223E34FF2368F830000B1845 /* Debug */,
				223E35002368F830000B1845 /* Release */,
			);
			defaultConfigurationIsVisible = 0;
			defaultConfigurationName = Release;
		};
		223E35012368F830000B1845 /* Build configuration list for PBXNativeTarget "GoodList" */ = {
			isa = XCConfigurationList;
			buildConfigurations = (
				223E35022368F830000B1845 /* Debug */,
				223E35032368F830000B1845 /* Release */,
			);
			defaultConfigurationIsVisible = 0;
			defaultConfigurationName = Release;
		};
/* End XCConfigurationList section */

/* Begin XCVersionGroup section */
		223E34F62368F82B000B1845 /* GoodList.xcdatamodeld */ = {
			isa = XCVersionGroup;
			children = (
				223E34F72368F82B000B1845 /* GoodList.xcdatamodel */,
			);
			currentVersion = 223E34F72368F82B000B1845 /* GoodList.xcdatamodel */;
			path = GoodList.xcdatamodeld;
			sourceTree = "<group>";
			versionGroupType = wrapper.xcdatamodel;
		};
/* End XCVersionGroup section */
	};
	rootObject = 223E34E22368F82B000B1845 /* Project object */;
}
